
Microsoft Visual Studio Solution File, Format Version 12.00
# Visual Studio Version 17
VisualStudioVersion = 17.3.32901.215
MinimumVisualStudioVersion = 10.0.40219.1
Project("{2150E333-8FDC-42A3-9474-1A3956D46DE8}") = "01 - Unit Tests", "01 - Unit Tests", "{7431B090-D75F-4433-9F36-04B39A82281A}"
EndProject
Project("{2150E333-8FDC-42A3-9474-1A3956D46DE8}") = "1.1 - Testes Basicos", "1.1 - Testes Basicos", "{BFB42658-9528-4813-9813-575D8B4F733E}"
EndProject
Project("{9A19103F-16F7-4668-BE54-9A1E7A4F7556}") = "Demo", "01 - Testes de Unidade\Demo\Demo.csproj", "{246D1323-401C-49DA-AB69-8354BA2CAC2A}"
EndProject
Project("{9A19103F-16F7-4668-BE54-9A1E7A4F7556}") = "Demo.Tests", "01 - Testes de Unidade\Demo.Tests\Demo.Tests.csproj", "{4F44A430-BC84-42E5-9340-38D38AC2BA63}"
EndProject
Project("{2150E333-8FDC-42A3-9474-1A3956D46DE8}") = "2.2 - Features", "2.2 - Features", "{2D5A96F8-7FED-413E-A88D-6EAF047D5DBB}"
EndProject
Project("{9A19103F-16F7-4668-BE54-9A1E7A4F7556}") = "Features", "01 - Testes de Unidade\Features\Features.csproj", "{F3227277-7CCF-4854-AB36-0D0D6BBA47BB}"
EndProject
Project("{9A19103F-16F7-4668-BE54-9A1E7A4F7556}") = "Features.Tests", "01 - Testes de Unidade\Features.Tests\Features.Tests.csproj", "{AFF5C7A0-A49F-4EFA-9732-8728A4AD68C9}"
EndProject
Project("{2150E333-8FDC-42A3-9474-1A3956D46DE8}") = "02 - TDD", "02 - TDD", "{05FEF0A3-F1ED-46B0-B93F-7CA2B013ECBA}"
EndProject
Project("{2150E333-8FDC-42A3-9474-1A3956D46DE8}") = "Tests", "Tests", "{5BA3C770-0BA5-4656-8310-B0CCF2354129}"
EndProject
Project("{9A19103F-16F7-4668-BE54-9A1E7A4F7556}") = "NerdStore.Vendas.Domain.Tests", "02 - TDD\tests\NerdStore.Vendas.Domain.Tests\NerdStore.Vendas.Domain.Tests.csproj", "{EDE550FE-D7C1-45A8-865B-39B0166AB905}"
EndProject
Project("{9A19103F-16F7-4668-BE54-9A1E7A4F7556}") = "NerdStore.Vendas.Domain", "02 - TDD\src\NerdStore.Vendas.Domain\NerdStore.Vendas.Domain.csproj", "{F4BAEC20-5A5E-4699-99A8-B78B9E2FBE13}"
EndProject
Project("{9A19103F-16F7-4668-BE54-9A1E7A4F7556}") = "NerdStore.Core", "02 - TDD\src\NerdStore.Core\NerdStore.Core.csproj", "{BEB9B615-C5CB-4443-BADE-6165E35CADA1}"
EndProject
Project("{9A19103F-16F7-4668-BE54-9A1E7A4F7556}") = "NerdStore.Vendas.Application.Tests", "02 - TDD\tests\NerdStore.Vendas.Application.Tests\NerdStore.Vendas.Application.Tests.csproj", "{66A70D10-274B-4AD2-A670-A3E2613FC2FC}"
EndProject
Project("{9A19103F-16F7-4668-BE54-9A1E7A4F7556}") = "NerdStore.Vendas.Application", "02 - TDD\src\NerdStore.Vendas.Application\NerdStore.Vendas.Application.csproj", "{76549056-64B6-4FD9-90E1-1BEB98417F2E}"
EndProject
Project("{9A19103F-16F7-4668-BE54-9A1E7A4F7556}") = "NerdStore.Vendas.Data", "02 - TDD\src\NerdStore.Vendas.Data\NerdStore.Vendas.Data.csproj", "{207F8B9A-63D9-463B-8657-320A6F4F446D}"
EndProject
Project("{2150E333-8FDC-42A3-9474-1A3956D46DE8}") = "03 - Integration Tests", "03 - Integration Tests", "{06FC9318-FF11-4E81-BAFB-B61215157EE3}"
EndProject
Project("{2150E333-8FDC-42A3-9474-1A3956D46DE8}") = "Tests", "Tests", "{48B3F9E5-AD27-41DE-89AF-AE3CA8898395}"
EndProject
Project("{FAE04EC0-301F-11D3-BF4B-00C04F79EFBC}") = "NerdStore.Catalogo.Application", "03 - Integration Tests\src\NerdStore.Catalogo.Application\NerdStore.Catalogo.Application.csproj", "{966FE05A-E9D8-4691-ACD9-1BAFCF0B9448}"
EndProject
Project("{FAE04EC0-301F-11D3-BF4B-00C04F79EFBC}") = "NerdStore.Catalogo.Data", "03 - Integration Tests\src\NerdStore.Catalogo.Data\NerdStore.Catalogo.Data.csproj", "{82876689-EFC9-4468-91CF-91724095C0DB}"
EndProject
Project("{FAE04EC0-301F-11D3-BF4B-00C04F79EFBC}") = "NerdStore.Catalogo.Domain", "03 - Integration Tests\src\NerdStore.Catalogo.Domain\NerdStore.Catalogo.Domain.csproj", "{C1B4CBB6-20EA-4FAB-A87A-2B4E5C3AEB3A}"
EndProject
Project("{FAE04EC0-301F-11D3-BF4B-00C04F79EFBC}") = "NerdStore.WebApp.MVC", "03 - Integration Tests\src\NerdStore.WebApp.MVC\NerdStore.WebApp.MVC.csproj", "{6179ED83-55B2-498A-963C-6850C788A44D}"
EndProject
Global
	GlobalSection(SolutionConfigurationPlatforms) = preSolution
		Debug|Any CPU = Debug|Any CPU
		Release|Any CPU = Release|Any CPU
	EndGlobalSection
	GlobalSection(ProjectConfigurationPlatforms) = postSolution
		{246D1323-401C-49DA-AB69-8354BA2CAC2A}.Debug|Any CPU.ActiveCfg = Debug|Any CPU
		{246D1323-401C-49DA-AB69-8354BA2CAC2A}.Debug|Any CPU.Build.0 = Debug|Any CPU
		{246D1323-401C-49DA-AB69-8354BA2CAC2A}.Release|Any CPU.ActiveCfg = Release|Any CPU
		{246D1323-401C-49DA-AB69-8354BA2CAC2A}.Release|Any CPU.Build.0 = Release|Any CPU
		{4F44A430-BC84-42E5-9340-38D38AC2BA63}.Debug|Any CPU.ActiveCfg = Debug|Any CPU
		{4F44A430-BC84-42E5-9340-38D38AC2BA63}.Debug|Any CPU.Build.0 = Debug|Any CPU
		{4F44A430-BC84-42E5-9340-38D38AC2BA63}.Release|Any CPU.ActiveCfg = Release|Any CPU
		{4F44A430-BC84-42E5-9340-38D38AC2BA63}.Release|Any CPU.Build.0 = Release|Any CPU
		{F3227277-7CCF-4854-AB36-0D0D6BBA47BB}.Debug|Any CPU.ActiveCfg = Debug|Any CPU
		{F3227277-7CCF-4854-AB36-0D0D6BBA47BB}.Debug|Any CPU.Build.0 = Debug|Any CPU
		{F3227277-7CCF-4854-AB36-0D0D6BBA47BB}.Release|Any CPU.ActiveCfg = Release|Any CPU
		{F3227277-7CCF-4854-AB36-0D0D6BBA47BB}.Release|Any CPU.Build.0 = Release|Any CPU
		{AFF5C7A0-A49F-4EFA-9732-8728A4AD68C9}.Debug|Any CPU.ActiveCfg = Debug|Any CPU
		{AFF5C7A0-A49F-4EFA-9732-8728A4AD68C9}.Debug|Any CPU.Build.0 = Debug|Any CPU
		{AFF5C7A0-A49F-4EFA-9732-8728A4AD68C9}.Release|Any CPU.ActiveCfg = Release|Any CPU
		{AFF5C7A0-A49F-4EFA-9732-8728A4AD68C9}.Release|Any CPU.Build.0 = Release|Any CPU
		{EDE550FE-D7C1-45A8-865B-39B0166AB905}.Debug|Any CPU.ActiveCfg = Debug|Any CPU
		{EDE550FE-D7C1-45A8-865B-39B0166AB905}.Debug|Any CPU.Build.0 = Debug|Any CPU
		{EDE550FE-D7C1-45A8-865B-39B0166AB905}.Release|Any CPU.ActiveCfg = Release|Any CPU
		{EDE550FE-D7C1-45A8-865B-39B0166AB905}.Release|Any CPU.Build.0 = Release|Any CPU
		{F4BAEC20-5A5E-4699-99A8-B78B9E2FBE13}.Debug|Any CPU.ActiveCfg = Debug|Any CPU
		{F4BAEC20-5A5E-4699-99A8-B78B9E2FBE13}.Debug|Any CPU.Build.0 = Debug|Any CPU
		{F4BAEC20-5A5E-4699-99A8-B78B9E2FBE13}.Release|Any CPU.ActiveCfg = Release|Any CPU
		{F4BAEC20-5A5E-4699-99A8-B78B9E2FBE13}.Release|Any CPU.Build.0 = Release|Any CPU
		{BEB9B615-C5CB-4443-BADE-6165E35CADA1}.Debug|Any CPU.ActiveCfg = Debug|Any CPU
		{BEB9B615-C5CB-4443-BADE-6165E35CADA1}.Debug|Any CPU.Build.0 = Debug|Any CPU
		{BEB9B615-C5CB-4443-BADE-6165E35CADA1}.Release|Any CPU.ActiveCfg = Release|Any CPU
		{BEB9B615-C5CB-4443-BADE-6165E35CADA1}.Release|Any CPU.Build.0 = Release|Any CPU
		{66A70D10-274B-4AD2-A670-A3E2613FC2FC}.Debug|Any CPU.ActiveCfg = Debug|Any CPU
		{66A70D10-274B-4AD2-A670-A3E2613FC2FC}.Debug|Any CPU.Build.0 = Debug|Any CPU
		{66A70D10-274B-4AD2-A670-A3E2613FC2FC}.Release|Any CPU.ActiveCfg = Release|Any CPU
		{66A70D10-274B-4AD2-A670-A3E2613FC2FC}.Release|Any CPU.Build.0 = Release|Any CPU
		{76549056-64B6-4FD9-90E1-1BEB98417F2E}.Debug|Any CPU.ActiveCfg = Debug|Any CPU
		{76549056-64B6-4FD9-90E1-1BEB98417F2E}.Debug|Any CPU.Build.0 = Debug|Any CPU
		{76549056-64B6-4FD9-90E1-1BEB98417F2E}.Release|Any CPU.ActiveCfg = Release|Any CPU
		{76549056-64B6-4FD9-90E1-1BEB98417F2E}.Release|Any CPU.Build.0 = Release|Any CPU
		{207F8B9A-63D9-463B-8657-320A6F4F446D}.Debug|Any CPU.ActiveCfg = Debug|Any CPU
		{207F8B9A-63D9-463B-8657-320A6F4F446D}.Debug|Any CPU.Build.0 = Debug|Any CPU
		{207F8B9A-63D9-463B-8657-320A6F4F446D}.Release|Any CPU.ActiveCfg = Release|Any CPU
		{207F8B9A-63D9-463B-8657-320A6F4F446D}.Release|Any CPU.Build.0 = Release|Any CPU
		{966FE05A-E9D8-4691-ACD9-1BAFCF0B9448}.Debug|Any CPU.ActiveCfg = Debug|Any CPU
		{966FE05A-E9D8-4691-ACD9-1BAFCF0B9448}.Debug|Any CPU.Build.0 = Debug|Any CPU
		{966FE05A-E9D8-4691-ACD9-1BAFCF0B9448}.Release|Any CPU.ActiveCfg = Release|Any CPU
		{966FE05A-E9D8-4691-ACD9-1BAFCF0B9448}.Release|Any CPU.Build.0 = Release|Any CPU
		{82876689-EFC9-4468-91CF-91724095C0DB}.Debug|Any CPU.ActiveCfg = Debug|Any CPU
		{82876689-EFC9-4468-91CF-91724095C0DB}.Debug|Any CPU.Build.0 = Debug|Any CPU
		{82876689-EFC9-4468-91CF-91724095C0DB}.Release|Any CPU.ActiveCfg = Release|Any CPU
		{82876689-EFC9-4468-91CF-91724095C0DB}.Release|Any CPU.Build.0 = Release|Any CPU
		{C1B4CBB6-20EA-4FAB-A87A-2B4E5C3AEB3A}.Debug|Any CPU.ActiveCfg = Debug|Any CPU
		{C1B4CBB6-20EA-4FAB-A87A-2B4E5C3AEB3A}.Debug|Any CPU.Build.0 = Debug|Any CPU
		{C1B4CBB6-20EA-4FAB-A87A-2B4E5C3AEB3A}.Release|Any CPU.ActiveCfg = Release|Any CPU
		{C1B4CBB6-20EA-4FAB-A87A-2B4E5C3AEB3A}.Release|Any CPU.Build.0 = Release|Any CPU
		{6179ED83-55B2-498A-963C-6850C788A44D}.Debug|Any CPU.ActiveCfg = Debug|Any CPU
		{6179ED83-55B2-498A-963C-6850C788A44D}.Debug|Any CPU.Build.0 = Debug|Any CPU
		{6179ED83-55B2-498A-963C-6850C788A44D}.Release|Any CPU.ActiveCfg = Release|Any CPU
		{6179ED83-55B2-498A-963C-6850C788A44D}.Release|Any CPU.Build.0 = Release|Any CPU
	EndGlobalSection
	GlobalSection(SolutionProperties) = preSolution
		HideSolutionNode = FALSE
	EndGlobalSection
	GlobalSection(NestedProjects) = preSolution
		{BFB42658-9528-4813-9813-575D8B4F733E} = {7431B090-D75F-4433-9F36-04B39A82281A}
		{246D1323-401C-49DA-AB69-8354BA2CAC2A} = {BFB42658-9528-4813-9813-575D8B4F733E}
		{4F44A430-BC84-42E5-9340-38D38AC2BA63} = {BFB42658-9528-4813-9813-575D8B4F733E}
		{2D5A96F8-7FED-413E-A88D-6EAF047D5DBB} = {7431B090-D75F-4433-9F36-04B39A82281A}
		{F3227277-7CCF-4854-AB36-0D0D6BBA47BB} = {2D5A96F8-7FED-413E-A88D-6EAF047D5DBB}
		{AFF5C7A0-A49F-4EFA-9732-8728A4AD68C9} = {2D5A96F8-7FED-413E-A88D-6EAF047D5DBB}
		{5BA3C770-0BA5-4656-8310-B0CCF2354129} = {05FEF0A3-F1ED-46B0-B93F-7CA2B013ECBA}
		{EDE550FE-D7C1-45A8-865B-39B0166AB905} = {5BA3C770-0BA5-4656-8310-B0CCF2354129}
		{F4BAEC20-5A5E-4699-99A8-B78B9E2FBE13} = {05FEF0A3-F1ED-46B0-B93F-7CA2B013ECBA}
		{BEB9B615-C5CB-4443-BADE-6165E35CADA1} = {05FEF0A3-F1ED-46B0-B93F-7CA2B013ECBA}
		{66A70D10-274B-4AD2-A670-A3E2613FC2FC} = {5BA3C770-0BA5-4656-8310-B0CCF2354129}
		{76549056-64B6-4FD9-90E1-1BEB98417F2E} = {05FEF0A3-F1ED-46B0-B93F-7CA2B013ECBA}
		{207F8B9A-63D9-463B-8657-320A6F4F446D} = {05FEF0A3-F1ED-46B0-B93F-7CA2B013ECBA}
		{48B3F9E5-AD27-41DE-89AF-AE3CA8898395} = {06FC9318-FF11-4E81-BAFB-B61215157EE3}
		{966FE05A-E9D8-4691-ACD9-1BAFCF0B9448} = {06FC9318-FF11-4E81-BAFB-B61215157EE3}
		{82876689-EFC9-4468-91CF-91724095C0DB} = {06FC9318-FF11-4E81-BAFB-B61215157EE3}
		{C1B4CBB6-20EA-4FAB-A87A-2B4E5C3AEB3A} = {06FC9318-FF11-4E81-BAFB-B61215157EE3}
		{6179ED83-55B2-498A-963C-6850C788A44D} = {06FC9318-FF11-4E81-BAFB-B61215157EE3}
	EndGlobalSection
	GlobalSection(ExtensibilityGlobals) = postSolution
		SolutionGuid = {FA16DF68-D409-4848-8D5E-36F2FBF476DA}
	EndGlobalSection
EndGlobal
